
Microsoft Visual Studio Solution File, Format Version 12.00
# Visual Studio Version 16
VisualStudioVersion = 16.0.30717.126
MinimumVisualStudioVersion = 10.0.40219.1
Project("{9A19103F-16F7-4668-BE54-9A1E7A4F7556}") = "TestingGameEngine.Test", "TestingGameEngine.Test\TestingGameEngine.Test.csproj", "{E14A54D4-60BB-4D0C-870B-3DF14968B654}"
EndProject
Project("{9A19103F-16F7-4668-BE54-9A1E7A4F7556}") = "ConsoleApp1", "..\ConsoleApp1\ConsoleApp1\ConsoleApp1.csproj", "{E16B82F6-5B5B-4E77-8D4B-6E9179ADB049}"
EndProject
Global
	GlobalSection(SolutionConfigurationPlatforms) = preSolution
		Debug|Any CPU = Debug|Any CPU
		Release|Any CPU = Release|Any CPU
	EndGlobalSection
	GlobalSection(ProjectConfigurationPlatforms) = postSolution
		{E14A54D4-60BB-4D0C-870B-3DF14968B654}.Debug|Any CPU.ActiveCfg = Debug|Any CPU
		{E14A54D4-60BB-4D0C-870B-3DF14968B654}.Debug|Any CPU.Build.0 = Debug|Any CPU
		{E14A54D4-60BB-4D0C-870B-3DF14968B654}.Release|Any CPU.ActiveCfg = Release|Any CPU
		{E14A54D4-60BB-4D0C-870B-3DF14968B654}.Release|Any CPU.Build.0 = Release|Any CPU
		{E16B82F6-5B5B-4E77-8D4B-6E9179ADB049}.Debug|Any CPU.ActiveCfg = Debug|Any CPU
		{E16B82F6-5B5B-4E77-8D4B-6E9179ADB049}.Debug|Any CPU.Build.0 = Debug|Any CPU
		{E16B82F6-5B5B-4E77-8D4B-6E9179ADB049}.Release|Any CPU.ActiveCfg = Release|Any CPU
		{E16B82F6-5B5B-4E77-8D4B-6E9179ADB049}.Release|Any CPU.Build.0 = Release|Any CPU
	EndGlobalSection
	GlobalSection(SolutionProperties) = preSolution
		HideSolutionNode = FALSE
	EndGlobalSection
	GlobalSection(ExtensibilityGlobals) = postSolution
		SolutionGuid = {C350A420-1531-4790-9490-9C91E8DEA606}
	EndGlobalSection
EndGlobal
